
Microsoft Visual Studio Solution File, Format Version 12.00
# Visual Studio 15
VisualStudioVersion = 15.0.27703.2042
MinimumVisualStudioVersion = 10.0.40219.1
Project("{FAE04EC0-301F-11D3-BF4B-00C04F79EFBC}") = "GameStore.WebUI", "GameStore.WebUI\GameStore.WebUI.csproj", "{2768477A-F404-4E66-A3F2-045D9ADBA69E}"
EndProject
Project("{FAE04EC0-301F-11D3-BF4B-00C04F79EFBC}") = "GameStore.UnitTests", "GameStore.UnitTests\GameStore.UnitTests.csproj", "{0F2BB0DF-BC4D-404A-B2C6-B72C19AF424F}"
EndProject
Project("{FAE04EC0-301F-11D3-BF4B-00C04F79EFBC}") = "GameStore.Domain", "GameStore.Domain\GameStore.Domain.csproj", "{45C822C7-B098-4815-919B-AAC4CB905A14}"
EndProject
Global
	GlobalSection(SolutionConfigurationPlatforms) = preSolution
		Debug|Any CPU = Debug|Any CPU
		Release|Any CPU = Release|Any CPU
	EndGlobalSection
	GlobalSection(ProjectConfigurationPlatforms) = postSolution
		{2768477A-F404-4E66-A3F2-045D9ADBA69E}.Debug|Any CPU.ActiveCfg = Debug|Any CPU
		{2768477A-F404-4E66-A3F2-045D9ADBA69E}.Debug|Any CPU.Build.0 = Debug|Any CPU
		{2768477A-F404-4E66-A3F2-045D9ADBA69E}.Release|Any CPU.ActiveCfg = Release|Any CPU
		{2768477A-F404-4E66-A3F2-045D9ADBA69E}.Release|Any CPU.Build.0 = Release|Any CPU
		{0F2BB0DF-BC4D-404A-B2C6-B72C19AF424F}.Debug|Any CPU.ActiveCfg = Debug|Any CPU
		{0F2BB0DF-BC4D-404A-B2C6-B72C19AF424F}.Debug|Any CPU.Build.0 = Debug|Any CPU
		{0F2BB0DF-BC4D-404A-B2C6-B72C19AF424F}.Release|Any CPU.ActiveCfg = Release|Any CPU
		{0F2BB0DF-BC4D-404A-B2C6-B72C19AF424F}.Release|Any CPU.Build.0 = Release|Any CPU
		{45C822C7-B098-4815-919B-AAC4CB905A14}.Debug|Any CPU.ActiveCfg = Debug|Any CPU
		{45C822C7-B098-4815-919B-AAC4CB905A14}.Debug|Any CPU.Build.0 = Debug|Any CPU
		{45C822C7-B098-4815-919B-AAC4CB905A14}.Release|Any CPU.ActiveCfg = Release|Any CPU
		{45C822C7-B098-4815-919B-AAC4CB905A14}.Release|Any CPU.Build.0 = Release|Any CPU
	EndGlobalSection
	GlobalSection(SolutionProperties) = preSolution
		HideSolutionNode = FALSE
	EndGlobalSection
	GlobalSection(ExtensibilityGlobals) = postSolution
		SolutionGuid = {20D1602E-146C-47DF-BC1A-C051316B5D2C}
	EndGlobalSection
EndGlobal
